# THIS IS AN AUTOGENERATED FILE. DO NOT EDIT THIS FILE DIRECTLY.
# yarn lockfile v1


react-scroll-motion@^0.2.1:
  version "0.2.1"
  resolved "https://registry.yarnpkg.com/react-scroll-motion/-/react-scroll-motion-0.2.1.tgz#f903c51d450e684dd80c1bf25d6e62ef73da7511"
  integrity sha512-l2/t8/IWI8CWaXuxq3bwNu09ABaM7+0Wm/2/S/zHp02sEpTeffqylQzWUZZykOgBqC6/uZsqVdAvDkcsPKZ6XQ==
